
Microsoft Visual Studio Solution File, Format Version 12.00
# Visual Studio Version 16
VisualStudioVersion = 16.0.31410.357
MinimumVisualStudioVersion = 10.0.40219.1
Project("{FAE04EC0-301F-11D3-BF4B-00C04F79EFBC}") = "Model", "Model\Model.csproj", "{A77C4881-25B0-41F7-890E-DBD5DB10BFA0}"
EndProject
Project("{FAE04EC0-301F-11D3-BF4B-00C04F79EFBC}") = "View", "View\View.csproj", "{EB3096BF-1CD5-4B45-BE1C-44EF4A9846F2}"
EndProject
Global
	GlobalSection(SolutionConfigurationPlatforms) = preSolution
		Debug|Any CPU = Debug|Any CPU
		Release|Any CPU = Release|Any CPU
	EndGlobalSection
	GlobalSection(ProjectConfigurationPlatforms) = postSolution
		{A77C4881-25B0-41F7-890E-DBD5DB10BFA0}.Debug|Any CPU.ActiveCfg = Debug|Any CPU
		{A77C4881-25B0-41F7-890E-DBD5DB10BFA0}.Debug|Any CPU.Build.0 = Debug|Any CPU
		{A77C4881-25B0-41F7-890E-DBD5DB10BFA0}.Release|Any CPU.ActiveCfg = Release|Any CPU
		{A77C4881-25B0-41F7-890E-DBD5DB10BFA0}.Release|Any CPU.Build.0 = Release|Any CPU
		{EB3096BF-1CD5-4B45-BE1C-44EF4A9846F2}.Debug|Any CPU.ActiveCfg = Debug|Any CPU
		{EB3096BF-1CD5-4B45-BE1C-44EF4A9846F2}.Debug|Any CPU.Build.0 = Debug|Any CPU
		{EB3096BF-1CD5-4B45-BE1C-44EF4A9846F2}.Release|Any CPU.ActiveCfg = Release|Any CPU
		{EB3096BF-1CD5-4B45-BE1C-44EF4A9846F2}.Release|Any CPU.Build.0 = Release|Any CPU
	EndGlobalSection
	GlobalSection(SolutionProperties) = preSolution
		HideSolutionNode = FALSE
	EndGlobalSection
	GlobalSection(ExtensibilityGlobals) = postSolution
		SolutionGuid = {78A34B1D-027C-46E2-9664-304750191924}
	EndGlobalSection
EndGlobal
